// !$*UTF8*$!
{
	archiveVersion = 1;
	classes = {
	};
	objectVersion = 46;
	objects = {

/* Begin PBXBuildFile section */
		330C9AC31A9CFE1C000316BB /* Default-568h@2x.png in Resources */ = {isa = PBXBuildFile; fileRef = 330C9AC21A9CFE1C000316BB /* Default-568h@2x.png */; };
		330C9AC61AA634EA000316BB /* BLCAwesomeFloatingToolbar.m in Sources */ = {isa = PBXBuildFile; fileRef = 330C9AC51AA634EA000316BB /* BLCAwesomeFloatingToolbar.m */; };
		33C44B491A9288C80039051E /* main.m in Sources */ = {isa = PBXBuildFile; fileRef = 33C44B481A9288C80039051E /* main.m */; };
		33C44B4C1A9288C80039051E /* AppDelegate.m in Sources */ = {isa = PBXBuildFile; fileRef = 33C44B4B1A9288C80039051E /* AppDelegate.m */; };
		33C44B541A9288C80039051E /* Images.xcassets in Resources */ = {isa = PBXBuildFile; fileRef = 33C44B531A9288C80039051E /* Images.xcassets */; };
		33C44B631A9288C80039051E /* BlocBrowserTests.m in Sources */ = {isa = PBXBuildFile; fileRef = 33C44B621A9288C80039051E /* BlocBrowserTests.m */; };
		33C44B6E1A9289670039051E /* BLCWebBrowserViewController.m in Sources */ = {isa = PBXBuildFile; fileRef = 33C44B6D1A9289670039051E /* BLCWebBrowserViewController.m */; };
/* End PBXBuildFile section */

/* Begin PBXContainerItemProxy section */
		33C44B5D1A9288C80039051E /* PBXContainerItemProxy */ = {
			isa = PBXContainerItemProxy;
			containerPortal = 33C44B3B1A9288C80039051E /* Project object */;
			proxyType = 1;
			remoteGlobalIDString = 33C44B421A9288C80039051E;
			remoteInfo = BlocBrowser;
		};
/* End PBXContainerItemProxy section */

/* Begin PBXFileReference section */
		330C9AC21A9CFE1C000316BB /* Default-568h@2x.png */ = {isa = PBXFileReference; lastKnownFileType = image.png; path = "Default-568h@2x.png"; sourceTree = "<group>"; };
		330C9AC41AA634EA000316BB /* BLCAwesomeFloatingToolbar.h */ = {isa = PBXFileReference; fileEncoding = 4; lastKnownFileType = sourcecode.c.h; path = BLCAwesomeFloatingToolbar.h; sourceTree = "<group>"; };
		330C9AC51AA634EA000316BB /* BLCAwesomeFloatingToolbar.m */ = {isa = PBXFileReference; fileEncoding = 4; lastKnownFileType = sourcecode.c.objc; path = BLCAwesomeFloatingToolbar.m; sourceTree = "<group>"; };
		33C44B431A9288C80039051E /* BlocBrowser.app */ = {isa = PBXFileReference; explicitFileType = wrapper.application; includeInIndex = 0; path = BlocBrowser.app; sourceTree = BUILT_PRODUCTS_DIR; };
		33C44B471A9288C80039051E /* Info.plist */ = {isa = PBXFileReference; lastKnownFileType = text.plist.xml; path = Info.plist; sourceTree = "<group>"; };
		33C44B481A9288C80039051E /* main.m */ = {isa = PBXFileReference; lastKnownFileType = sourcecode.c.objc; path = main.m; sourceTree = "<group>"; };
		33C44B4A1A9288C80039051E /* AppDelegate.h */ = {isa = PBXFileReference; lastKnownFileType = sourcecode.c.h; path = AppDelegate.h; sourceTree = "<group>"; };
		33C44B4B1A9288C80039051E /* AppDelegate.m */ = {isa = PBXFileReference; lastKnownFileType = sourcecode.c.objc; path = AppDelegate.m; sourceTree = "<group>"; };
		33C44B531A9288C80039051E /* Images.xcassets */ = {isa = PBXFileReference; lastKnownFileType = folder.assetcatalog; path = Images.xcassets; sourceTree = "<group>"; };
		33C44B5C1A9288C80039051E /* BlocBrowserTests.xctest */ = {isa = PBXFileReference; explicitFileType = wrapper.cfbundle; includeInIndex = 0; path = BlocBrowserTests.xctest; sourceTree = BUILT_PRODUCTS_DIR; };
		33C44B611A9288C80039051E /* Info.plist */ = {isa = PBXFileReference; lastKnownFileType = text.plist.xml; path = Info.plist; sourceTree = "<group>"; };
		33C44B621A9288C80039051E /* BlocBrowserTests.m */ = {isa = PBXFileReference; lastKnownFileType = sourcecode.c.objc; path = BlocBrowserTests.m; sourceTree = "<group>"; };
		33C44B6C1A9289670039051E /* BLCWebBrowserViewController.h */ = {isa = PBXFileReference; fileEncoding = 4; lastKnownFileType = sourcecode.c.h; path = BLCWebBrowserViewController.h; sourceTree = "<group>"; };
		33C44B6D1A9289670039051E /* BLCWebBrowserViewController.m */ = {isa = PBXFileReference; fileEncoding = 4; lastKnownFileType = sourcecode.c.objc; path = BLCWebBrowserViewController.m; sourceTree = "<group>"; };
/* End PBXFileReference section */

/* Begin PBXFrameworksBuildPhase section */
		33C44B401A9288C80039051E /* Frameworks */ = {
			isa = PBXFrameworksBuildPhase;
			buildActionMask = 2147483647;
			files = (
			);
			runOnlyForDeploymentPostprocessing = 0;
		};
		33C44B591A9288C80039051E /* Frameworks */ = {
			isa = PBXFrameworksBuildPhase;
			buildActionMask = 2147483647;
			files = (
			);
			runOnlyForDeploymentPostprocessing = 0;
		};
/* End PBXFrameworksBuildPhase section */

/* Begin PBXGroup section */
		33C44B3A1A9288C80039051E = {
			isa = PBXGroup;
			children = (
				330C9AC21A9CFE1C000316BB /* Default-568h@2x.png */,
				33C44B451A9288C80039051E /* BlocBrowser */,
				33C44B5F1A9288C80039051E /* BlocBrowserTests */,
				33C44B441A9288C80039051E /* Products */,
			);
			sourceTree = "<group>";
		};
		33C44B441A9288C80039051E /* Products */ = {
			isa = PBXGroup;
			children = (
				33C44B431A9288C80039051E /* BlocBrowser.app */,
				33C44B5C1A9288C80039051E /* BlocBrowserTests.xctest */,
			);
			name = Products;
			sourceTree = "<group>";
		};
		33C44B451A9288C80039051E /* BlocBrowser */ = {
			isa = PBXGroup;
			children = (
				33C44B4A1A9288C80039051E /* AppDelegate.h */,
				33C44B4B1A9288C80039051E /* AppDelegate.m */,
				33C44B6C1A9289670039051E /* BLCWebBrowserViewController.h */,
				33C44B6D1A9289670039051E /* BLCWebBrowserViewController.m */,
				330C9AC41AA634EA000316BB /* BLCAwesomeFloatingToolbar.h */,
				330C9AC51AA634EA000316BB /* BLCAwesomeFloatingToolbar.m */,
				33C44B531A9288C80039051E /* Images.xcassets */,
				33C44B461A9288C80039051E /* Supporting Files */,
			);
			path = BlocBrowser;
			sourceTree = "<group>";
		};
		33C44B461A9288C80039051E /* Supporting Files */ = {
			isa = PBXGroup;
			children = (
				33C44B471A9288C80039051E /* Info.plist */,
				33C44B481A9288C80039051E /* main.m */,
			);
			name = "Supporting Files";
			sourceTree = "<group>";
		};
		33C44B5F1A9288C80039051E /* BlocBrowserTests */ = {
			isa = PBXGroup;
			children = (
				33C44B621A9288C80039051E /* BlocBrowserTests.m */,
				33C44B601A9288C80039051E /* Supporting Files */,
			);
			path = BlocBrowserTests;
			sourceTree = "<group>";
		};
		33C44B601A9288C80039051E /* Supporting Files */ = {
			isa = PBXGroup;
			children = (
				33C44B611A9288C80039051E /* Info.plist */,
			);
			name = "Supporting Files";
			sourceTree = "<group>";
		};
/* End PBXGroup section */

/* Begin PBXNativeTarget section */
		33C44B421A9288C80039051E /* BlocBrowser */ = {
			isa = PBXNativeTarget;
			buildConfigurationList = 33C44B661A9288C80039051E /* Build configuration list for PBXNativeTarget "BlocBrowser" */;
			buildPhases = (
				33C44B3F1A9288C80039051E /* Sources */,
				33C44B401A9288C80039051E /* Frameworks */,
				33C44B411A9288C80039051E /* Resources */,
			);
			buildRules = (
			);
			dependencies = (
			);
			name = BlocBrowser;
			productName = BlocBrowser;
			productReference = 33C44B431A9288C80039051E /* BlocBrowser.app */;
			productType = "com.apple.product-type.application";
		};
		33C44B5B1A9288C80039051E /* BlocBrowserTests */ = {
			isa = PBXNativeTarget;
			buildConfigurationList = 33C44B691A9288C80039051E /* Build configuration list for PBXNativeTarget "BlocBrowserTests" */;
			buildPhases = (
				33C44B581A9288C80039051E /* Sources */,
				33C44B591A9288C80039051E /* Frameworks */,
				33C44B5A1A9288C80039051E /* Resources */,
			);
			buildRules = (
			);
			dependencies = (
				33C44B5E1A9288C80039051E /* PBXTargetDependency */,
			);
			name = BlocBrowserTests;
			productName = BlocBrowserTests;
			productReference = 33C44B5C1A9288C80039051E /* BlocBrowserTests.xctest */;
			productType = "com.apple.product-type.bundle.unit-test";
		};
/* End PBXNativeTarget section */

/* Begin PBXProject section */
		33C44B3B1A9288C80039051E /* Project object */ = {
			isa = PBXProject;
			attributes = {
				LastUpgradeCheck = 0610;
				ORGANIZATIONNAME = Bloc;
				TargetAttributes = {
					33C44B421A9288C80039051E = {
						CreatedOnToolsVersion = 6.1.1;
					};
					33C44B5B1A9288C80039051E = {
						CreatedOnToolsVersion = 6.1.1;
						TestTargetID = 33C44B421A9288C80039051E;
					};
				};
			};
			buildConfigurationList = 33C44B3E1A9288C80039051E /* Build configuration list for PBXProject "BlocBrowser" */;
			compatibilityVersion = "Xcode 3.2";
			developmentRegion = English;
			hasScannedForEncodings = 0;
			knownRegions = (
				en,
				Base,
			);
			mainGroup = 33C44B3A1A9288C80039051E;
			productRefGroup = 33C44B441A9288C80039051E /* Products */;
			projectDirPath = "";
			projectRoot = "";
			targets = (
				33C44B421A9288C80039051E /* BlocBrowser */,
				33C44B5B1A9288C80039051E /* BlocBrowserTests */,
			);
		};
/* End PBXProject section */

/* Begin PBXResourcesBuildPhase section */
		33C44B411A9288C80039051E /* Resources */ = {
			isa = PBXResourcesBuildPhase;
			buildActionMask = 2147483647;
			files = (
				33C44B541A9288C80039051E /* Images.xcassets in Resources */,
				330C9AC31A9CFE1C000316BB /* Default-568h@2x.png in Resources */,
			);
			runOnlyForDeploymentPostprocessing = 0;
		};
		33C44B5A1A9288C80039051E /* Resources */ = {
			isa = PBXResourcesBuildPhase;
			buildActionMask = 2147483647;
			files = (
			);
			runOnlyForDeploymentPostprocessing = 0;
		};
/* End PBXResourcesBuildPhase section */

/* Begin PBXSourcesBuildPhase section */
		33C44B3F1A9288C80039051E /* Sources */ = {
			isa = PBXSourcesBuildPhase;
			buildActionMask = 2147483647;
			files = (
				33C44B4C1A9288C80039051E /* AppDelegate.m in Sources */,
				33C44B6E1A9289670039051E /* BLCWebBrowserViewController.m in Sources */,
				330C9AC61AA634EA000316BB /* BLCAwesomeFloatingToolbar.m in Sources */,
				33C44B491A9288C80039051E /* main.m in Sources */,
			);
			runOnlyForDeploymentPostprocessing = 0;
		};
		33C44B581A9288C80039051E /* Sources */ = {
			isa = PBXSourcesBuildPhase;
			buildActionMask = 2147483647;
			files = (
				33C44B631A9288C80039051E /* BlocBrowserTests.m in Sources */,
			);
			runOnlyForDeploymentPostprocessing = 0;
		};
/* End PBXSourcesBuildPhase section */

/* Begin PBXTargetDependency section */
		33C44B5E1A9288C80039051E /* PBXTargetDependency */ = {
			isa = PBXTargetDependency;
			target = 33C44B421A9288C80039051E /* BlocBrowser */;
			targetProxy = 33C44B5D1A9288C80039051E /* PBXContainerItemProxy */;
		};
/* End PBXTargetDependency section */

/* Begin XCBuildConfiguration section */
		33C44B641A9288C80039051E /* Debug */ = {
			isa = XCBuildConfiguration;
			buildSettings = {
				ALWAYS_SEARCH_USER_PATHS = NO;
				CLANG_CXX_LANGUAGE_STANDARD = "gnu++0x";
				CLANG_CXX_LIBRARY = "libc++";
				CLANG_ENABLE_MODULES = YES;
				CLANG_ENABLE_OBJC_ARC = YES;
				CLANG_WARN_BOOL_CONVERSION = YES;
				CLANG_WARN_CONSTANT_CONVERSION = YES;
				CLANG_WARN_DIRECT_OBJC_ISA_USAGE = YES_ERROR;
				CLANG_WARN_EMPTY_BODY = YES;
				CLANG_WARN_ENUM_CONVERSION = YES;
				CLANG_WARN_INT_CONVERSION = YES;
				CLANG_WARN_OBJC_ROOT_CLASS = YES_ERROR;
				CLANG_WARN_UNREACHABLE_CODE = YES;
				CLANG_WARN__DUPLICATE_METHOD_MATCH = YES;
				"CODE_SIGN_IDENTITY[sdk=iphoneos*]" = "iPhone Developer";
				COPY_PHASE_STRIP = NO;
				ENABLE_STRICT_OBJC_MSGSEND = YES;
				GCC_C_LANGUAGE_STANDARD = gnu99;
				GCC_DYNAMIC_NO_PIC = NO;
				GCC_OPTIMIZATION_LEVEL = 0;
				GCC_PREPROCESSOR_DEFINITIONS = (
					"DEBUG=1",
					"$(inherited)",
				);
				GCC_SYMBOLS_PRIVATE_EXTERN = NO;
				GCC_WARN_64_TO_32_BIT_CONVERSION = YES;
				GCC_WARN_ABOUT_RETURN_TYPE = YES_ERROR;
				GCC_WARN_UNDECLARED_SELECTOR = YES;
				GCC_WARN_UNINITIALIZED_AUTOS = YES_AGGRESSIVE;
				GCC_WARN_UNUSED_FUNCTION = YES;
				GCC_WARN_UNUSED_VARIABLE = YES;
				IPHONEOS_DEPLOYMENT_TARGET = 8.1;
				MTL_ENABLE_DEBUG_INFO = YES;
				ONLY_ACTIVE_ARCH = YES;
				SDKROOT = iphoneos;
				TARGETED_DEVICE_FAMILY = "1,2";
			};
			name = Debug;
		};
		33C44B651A9288C80039051E /* Release */ = {
			isa = XCBuildConfiguration;
			buildSettings = {
				ALWAYS_SEARCH_USER_PATHS = NO;
				CLANG_CXX_LANGUAGE_STANDARD = "gnu++0x";
				CLANG_CXX_LIBRARY = "libc++";
				CLANG_ENABLE_MODULES = YES;
				CLANG_ENABLE_OBJC_ARC = YES;
				CLANG_WARN_BOOL_CONVERSION = YES;
				CLANG_WARN_CONSTANT_CONVERSION = YES;
				CLANG_WARN_DIRECT_OBJC_ISA_USAGE = YES_ERROR;
				CLANG_WARN_EMPTY_BODY = YES;
				CLANG_WARN_ENUM_CONVERSION = YES;
				CLANG_WARN_INT_CONVERSION = YES;
				CLANG_WARN_OBJC_ROOT_CLASS = YES_ERROR;
				CLANG_WARN_UNREACHABLE_CODE = YES;
				CLANG_WARN__DUPLICATE_METHOD_MATCH = YES;
				"CODE_SIGN_IDENTITY[sdk=iphoneos*]" = "iPhone Developer";
				COPY_PHASE_STRIP = YES;
				ENABLE_NS_ASSERTIONS = NO;
				ENABLE_STRICT_OBJC_MSGSEND = YES;
				GCC_C_LANGUAGE_STANDARD = gnu99;
				GCC_WARN_64_TO_32_BIT_CONVERSION = YES;
				GCC_WARN_ABOUT_RETURN_TYPE = YES_ERROR;
				GCC_WARN_UNDECLARED_SELECTOR = YES;
				GCC_WARN_UNINITIALIZED_AUTOS = YES_AGGRESSIVE;
				GCC_WARN_UNUSED_FUNCTION = YES;
				GCC_WARN_UNUSED_VARIABLE = YES;
				IPHONEOS_DEPLOYMENT_TARGET = 8.1;
				MTL_ENABLE_DEBUG_INFO = NO;
				SDKROOT = iphoneos;
				TARGETED_DEVICE_FAMILY = "1,2";
				VALIDATE_PRODUCT = YES;
			};
			name = Release;
		};
		33C44B671A9288C80039051E /* Debug */ = {
			isa = XCBuildConfiguration;
			buildSettings = {
				ASSETCATALOG_COMPILER_APPICON_NAME = AppIcon;
				INFOPLIST_FILE = BlocBrowser/Info.plist;
				LD_RUNPATH_SEARCH_PATHS = "$(inherited) @executable_path/Frameworks";
				PRODUCT_NAME = "$(TARGET_NAME)";
			};
			name = Debug;
		};
		33C44B681A9288C80039051E /* Release */ = {
			isa = XCBuildConfiguration;
			buildSettings = {
				ASSETCATALOG_COMPILER_APPICON_NAME = AppIcon;
				INFOPLIST_FILE = BlocBrowser/Info.plist;
				LD_RUNPATH_SEARCH_PATHS = "$(inherited) @executable_path/Frameworks";
				PRODUCT_NAME = "$(TARGET_NAME)";
			};
			name = Release;
		};
		33C44B6A1A9288C80039051E /* Debug */ = {
			isa = XCBuildConfiguration;
			buildSettings = {
				BUNDLE_LOADER = "$(TEST_HOST)";
				FRAMEWORK_SEARCH_PATHS = (
					"$(SDKROOT)/Developer/Library/Frameworks",
					"$(inherited)",
				);
				GCC_PREPROCESSOR_DEFINITIONS = (
					"DEBUG=1",
					"$(inherited)",
				);
				INFOPLIST_FILE = BlocBrowserTests/Info.plist;
				LD_RUNPATH_SEARCH_PATHS = "$(inherited) @executable_path/Frameworks @loader_path/Frameworks";
				PRODUCT_NAME = "$(TARGET_NAME)";
				TEST_HOST = "$(BUILT_PRODUCTS_DIR)/BlocBrowser.app/BlocBrowser";
			};
			name = Debug;
		};
		33C44B6B1A9288C80039051E /* Release */ = {
			isa = XCBuildConfiguration;
			buildSettings = {
				BUNDLE_LOADER = "$(TEST_HOST)";
				FRAMEWORK_SEARCH_PATHS = (
					"$(SDKROOT)/Developer/Library/Frameworks",
					"$(inherited)",
				);
				INFOPLIST_FILE = BlocBrowserTests/Info.plist;
				LD_RUNPATH_SEARCH_PATHS = "$(inherited) @executable_path/Frameworks @loader_path/Frameworks";
				PRODUCT_NAME = "$(TARGET_NAME)";
				TEST_HOST = "$(BUILT_PRODUCTS_DIR)/BlocBrowser.app/BlocBrowser";
			};
			name = Release;
		};
/* End XCBuildConfiguration section */

/* Begin XCConfigurationList section */
		33C44B3E1A9288C80039051E /* Build configuration list for PBXProject "BlocBrowser" */ = {
			isa = XCConfigurationList;
			buildConfigurations = (
				33C44B641A9288C80039051E /* Debug */,
				33C44B651A9288C80039051E /* Release */,
			);
			defaultConfigurationIsVisible = 0;
			defaultConfigurationName = Release;
		};
		33C44B661A9288C80039051E /* Build configuration list for PBXNativeTarget "BlocBrowser" */ = {
			isa = XCConfigurationList;
			buildConfigurations = (
				33C44B671A9288C80039051E /* Debug */,
				33C44B681A9288C80039051E /* Release */,
			);
			defaultConfigurationIsVisible = 0;
			defaultConfigurationName = Release;
		};
		33C44B691A9288C80039051E /* Build configuration list for PBXNativeTarget "BlocBrowserTests" */ = {
			isa = XCConfigurationList;
			buildConfigurations = (
				33C44B6A1A9288C80039051E /* Debug */,
				33C44B6B1A9288C80039051E /* Release */,
			);
			defaultConfigurationIsVisible = 0;
			defaultConfigurationName = Release;
		};
/* End XCConfigurationList section */
	};
	rootObject = 33C44B3B1A9288C80039051E /* Project object */;
}
